// !$*UTF8*$!
{
	archiveVersion = 1;
	classes = {
	};
	objectVersion = 56;
	objects = {

/* Begin PBXBuildFile section */
		05A8F2442D5BC4930063437C /* Desafio07App.swift in Sources */ = {isa = PBXBuildFile; fileRef = 05A8F2432D5BC4930063437C /* Desafio07App.swift */; };
		05A8F2462D5BC4930063437C /* ContentView.swift in Sources */ = {isa = PBXBuildFile; fileRef = 05A8F2452D5BC4930063437C /* ContentView.swift */; };
		05A8F2482D5BC4950063437C /* Assets.xcassets in Resources */ = {isa = PBXBuildFile; fileRef = 05A8F2472D5BC4950063437C /* Assets.xcassets */; };
		05A8F24B2D5BC4950063437C /* Preview Assets.xcassets in Resources */ = {isa = PBXBuildFile; fileRef = 05A8F24A2D5BC4950063437C /* Preview Assets.xcassets */; };
		05A8F2522D5BC5470063437C /* Modo1.swift in Sources */ = {isa = PBXBuildFile; fileRef = 05A8F2512D5BC5470063437C /* Modo1.swift */; };
		05A8F2542D5BC71C0063437C /* Modo2.swift in Sources */ = {isa = PBXBuildFile; fileRef = 05A8F2532D5BC71C0063437C /* Modo2.swift */; };
		05A8F2562D5BC74E0063437C /* Modo3.swift in Sources */ = {isa = PBXBuildFile; fileRef = 05A8F2552D5BC74E0063437C /* Modo3.swift */; };
		05A8F25A2D5BCF690063437C /* Modo2_1.swift in Sources */ = {isa = PBXBuildFile; fileRef = 05A8F2592D5BCF690063437C /* Modo2_1.swift */; };
/* End PBXBuildFile section */

/* Begin PBXFileReference section */
		05A8F2402D5BC4930063437C /* Desafio07.app */ = {isa = PBXFileReference; explicitFileType = wrapper.application; includeInIndex = 0; path = Desafio07.app; sourceTree = BUILT_PRODUCTS_DIR; };
		05A8F2432D5BC4930063437C /* Desafio07App.swift */ = {isa = PBXFileReference; lastKnownFileType = sourcecode.swift; path = Desafio07App.swift; sourceTree = "<group>"; };
		05A8F2452D5BC4930063437C /* ContentView.swift */ = {isa = PBXFileReference; lastKnownFileType = sourcecode.swift; path = ContentView.swift; sourceTree = "<group>"; };
		05A8F2472D5BC4950063437C /* Assets.xcassets */ = {isa = PBXFileReference; lastKnownFileType = folder.assetcatalog; path = Assets.xcassets; sourceTree = "<group>"; };
		05A8F24A2D5BC4950063437C /* Preview Assets.xcassets */ = {isa = PBXFileReference; lastKnownFileType = folder.assetcatalog; path = "Preview Assets.xcassets"; sourceTree = "<group>"; };
		05A8F2512D5BC5470063437C /* Modo1.swift */ = {isa = PBXFileReference; lastKnownFileType = sourcecode.swift; path = Modo1.swift; sourceTree = "<group>"; };
		05A8F2532D5BC71C0063437C /* Modo2.swift */ = {isa = PBXFileReference; lastKnownFileType = sourcecode.swift; path = Modo2.swift; sourceTree = "<group>"; };
		05A8F2552D5BC74E0063437C /* Modo3.swift */ = {isa = PBXFileReference; lastKnownFileType = sourcecode.swift; path = Modo3.swift; sourceTree = "<group>"; };
		05A8F2592D5BCF690063437C /* Modo2_1.swift */ = {isa = PBXFileReference; lastKnownFileType = sourcecode.swift; path = Modo2_1.swift; sourceTree = "<group>"; };
/* End PBXFileReference section */

/* Begin PBXFrameworksBuildPhase section */
		05A8F23D2D5BC4930063437C /* Frameworks */ = {
			isa = PBXFrameworksBuildPhase;
			buildActionMask = 2147483647;
			files = (
			);
			runOnlyForDeploymentPostprocessing = 0;
		};
/* End PBXFrameworksBuildPhase section */

/* Begin PBXGroup section */
		05A8F2372D5BC4930063437C = {
			isa = PBXGroup;
			children = (
				05A8F2592D5BCF690063437C /* Modo2_1.swift */,
				05A8F2552D5BC74E0063437C /* Modo3.swift */,
				05A8F2532D5BC71C0063437C /* Modo2.swift */,
				05A8F2512D5BC5470063437C /* Modo1.swift */,
				05A8F2422D5BC4930063437C /* Desafio07 */,
				05A8F2412D5BC4930063437C /* Products */,
			);
			sourceTree = "<group>";
		};
		05A8F2412D5BC4930063437C /* Products */ = {
			isa = PBXGroup;
			children = (
				05A8F2402D5BC4930063437C /* Desafio07.app */,
			);
			name = Products;
			sourceTree = "<group>";
		};
		05A8F2422D5BC4930063437C /* Desafio07 */ = {
			isa = PBXGroup;
			children = (
				05A8F2432D5BC4930063437C /* Desafio07App.swift */,
				05A8F2452D5BC4930063437C /* ContentView.swift */,
				05A8F2472D5BC4950063437C /* Assets.xcassets */,
				05A8F2492D5BC4950063437C /* Preview Content */,
			);
			path = Desafio07;
			sourceTree = "<group>";
		};
		05A8F2492D5BC4950063437C /* Preview Content */ = {
			isa = PBXGroup;
			children = (
				05A8F24A2D5BC4950063437C /* Preview Assets.xcassets */,
			);
			path = "Preview Content";
			sourceTree = "<group>";
		};
/* End PBXGroup section */

/* Begin PBXNativeTarget section */
		05A8F23F2D5BC4930063437C /* Desafio07 */ = {
			isa = PBXNativeTarget;
			buildConfigurationList = 05A8F24E2D5BC4950063437C /* Build configuration list for PBXNativeTarget "Desafio07" */;
			buildPhases = (
				05A8F23C2D5BC4930063437C /* Sources */,
				05A8F23D2D5BC4930063437C /* Frameworks */,
				05A8F23E2D5BC4930063437C /* Resources */,
			);
			buildRules = (
			);
			dependencies = (
			);
			name = Desafio07;
			productName = Desafio07;
			productReference = 05A8F2402D5BC4930063437C /* Desafio07.app */;
			productType = "com.apple.product-type.application";
		};
/* End PBXNativeTarget section */

/* Begin PBXProject section */
		05A8F2382D5BC4930063437C /* Project object */ = {
			isa = PBXProject;
			attributes = {
				BuildIndependentTargetsInParallel = 1;
				LastSwiftUpdateCheck = 1540;
				LastUpgradeCheck = 1540;
				TargetAttributes = {
					05A8F23F2D5BC4930063437C = {
						CreatedOnToolsVersion = 15.4;
					};
				};
			};
			buildConfigurationList = 05A8F23B2D5BC4930063437C /* Build configuration list for PBXProject "Desafio07" */;
			compatibilityVersion = "Xcode 14.0";
			developmentRegion = en;
			hasScannedForEncodings = 0;
			knownRegions = (
				en,
				Base,
			);
			mainGroup = 05A8F2372D5BC4930063437C;
			productRefGroup = 05A8F2412D5BC4930063437C /* Products */;
			projectDirPath = "";
			projectRoot = "";
			targets = (
				05A8F23F2D5BC4930063437C /* Desafio07 */,
			);
		};
/* End PBXProject section */

/* Begin PBXResourcesBuildPhase section */
		05A8F23E2D5BC4930063437C /* Resources */ = {
			isa = PBXResourcesBuildPhase;
			buildActionMask = 2147483647;
			files = (
				05A8F24B2D5BC4950063437C /* Preview Assets.xcassets in Resources */,
				05A8F2482D5BC4950063437C /* Assets.xcassets in Resources */,
			);
			runOnlyForDeploymentPostprocessing = 0;
		};
/* End PBXResourcesBuildPhase section */

/* Begin PBXSourcesBuildPhase section */
		05A8F23C2D5BC4930063437C /* Sources */ = {
			isa = PBXSourcesBuildPhase;
			buildActionMask = 2147483647;
			files = (
				05A8F2462D5BC4930063437C /* ContentView.swift in Sources */,
				05A8F25A2D5BCF690063437C /* Modo2_1.swift in Sources */,
				05A8F2522D5BC5470063437C /* Modo1.swift in Sources */,
				05A8F2442D5BC4930063437C /* Desafio07App.swift in Sources */,
				05A8F2542D5BC71C0063437C /* Modo2.swift in Sources */,
				05A8F2562D5BC74E0063437C /* Modo3.swift in Sources */,
			);
			runOnlyForDeploymentPostprocessing = 0;
		};
/* End PBXSourcesBuildPhase section */

/* Begin XCBuildConfiguration section */
		05A8F24C2D5BC4950063437C /* Debug */ = {
			isa = XCBuildConfiguration;
			buildSettings = {
				ALWAYS_SEARCH_USER_PATHS = NO;
				ASSETCATALOG_COMPILER_GENERATE_SWIFT_ASSET_SYMBOL_EXTENSIONS = YES;
				CLANG_ANALYZER_NONNULL = YES;
				CLANG_ANALYZER_NUMBER_OBJECT_CONVERSION = YES_AGGRESSIVE;
				CLANG_CXX_LANGUAGE_STANDARD = "gnu++20";
				CLANG_ENABLE_MODULES = YES;
				CLANG_ENABLE_OBJC_ARC = YES;
				CLANG_ENABLE_OBJC_WEAK = YES;
				CLANG_WARN_BLOCK_CAPTURE_AUTORELEASING = YES;
				CLANG_WARN_BOOL_CONVERSION = YES;
				CLANG_WARN_COMMA = YES;
				CLANG_WARN_CONSTANT_CONVERSION = YES;
				CLANG_WARN_DEPRECATED_OBJC_IMPLEMENTATIONS = YES;
				CLANG_WARN_DIRECT_OBJC_ISA_USAGE = YES_ERROR;
				CLANG_WARN_DOCUMENTATION_COMMENTS = YES;
				CLANG_WARN_EMPTY_BODY = YES;
				CLANG_WARN_ENUM_CONVERSION = YES;
				CLANG_WARN_INFINITE_RECURSION = YES;
				CLANG_WARN_INT_CONVERSION = YES;
				CLANG_WARN_NON_LITERAL_NULL_CONVERSION = YES;
				CLANG_WARN_OBJC_IMPLICIT_RETAIN_SELF = YES;
				CLANG_WARN_OBJC_LITERAL_CONVERSION = YES;
				CLANG_WARN_OBJC_ROOT_CLASS = YES_ERROR;
				CLANG_WARN_QUOTED_INCLUDE_IN_FRAMEWORK_HEADER = YES;
				CLANG_WARN_RANGE_LOOP_ANALYSIS = YES;
				CLANG_WARN_STRICT_PROTOTYPES = YES;
				CLANG_WARN_SUSPICIOUS_MOVE = YES;
				CLANG_WARN_UNGUARDED_AVAILABILITY = YES_AGGRESSIVE;
				CLANG_WARN_UNREACHABLE_CODE = YES;
				CLANG_WARN__DUPLICATE_METHOD_MATCH = YES;
				COPY_PHASE_STRIP = NO;
				DEBUG_INFORMATION_FORMAT = dwarf;
				ENABLE_STRICT_OBJC_MSGSEND = YES;
				ENABLE_TESTABILITY = YES;
				ENABLE_USER_SCRIPT_SANDBOXING = YES;
				GCC_C_LANGUAGE_STANDARD = gnu17;
				GCC_DYNAMIC_NO_PIC = NO;
				GCC_NO_COMMON_BLOCKS = YES;
				GCC_OPTIMIZATION_LEVEL = 0;
				GCC_PREPROCESSOR_DEFINITIONS = (
					"DEBUG=1",
					"$(inherited)",
				);
				GCC_WARN_64_TO_32_BIT_CONVERSION = YES;
				GCC_WARN_ABOUT_RETURN_TYPE = YES_ERROR;
				GCC_WARN_UNDECLARED_SELECTOR = YES;
				GCC_WARN_UNINITIALIZED_AUTOS = YES_AGGRESSIVE;
				GCC_WARN_UNUSED_FUNCTION = YES;
				GCC_WARN_UNUSED_VARIABLE = YES;
				IPHONEOS_DEPLOYMENT_TARGET = 17.5;
				LOCALIZATION_PREFERS_STRING_CATALOGS = YES;
				MTL_ENABLE_DEBUG_INFO = INCLUDE_SOURCE;
				MTL_FAST_MATH = YES;
				ONLY_ACTIVE_ARCH = YES;
				SDKROOT = iphoneos;
				SWIFT_ACTIVE_COMPILATION_CONDITIONS = "DEBUG $(inherited)";
				SWIFT_OPTIMIZATION_LEVEL = "-Onone";
			};
			name = Debug;
		};
		05A8F24D2D5BC4950063437C /* Release */ = {
			isa = XCBuildConfiguration;
			buildSettings = {
				ALWAYS_SEARCH_USER_PATHS = NO;
				ASSETCATALOG_COMPILER_GENERATE_SWIFT_ASSET_SYMBOL_EXTENSIONS = YES;
				CLANG_ANALYZER_NONNULL = YES;
				CLANG_ANALYZER_NUMBER_OBJECT_CONVERSION = YES_AGGRESSIVE;
				CLANG_CXX_LANGUAGE_STANDARD = "gnu++20";
				CLANG_ENABLE_MODULES = YES;
				CLANG_ENABLE_OBJC_ARC = YES;
				CLANG_ENABLE_OBJC_WEAK = YES;
				CLANG_WARN_BLOCK_CAPTURE_AUTORELEASING = YES;
				CLANG_WARN_BOOL_CONVERSION = YES;
				CLANG_WARN_COMMA = YES;
				CLANG_WARN_CONSTANT_CONVERSION = YES;
				CLANG_WARN_DEPRECATED_OBJC_IMPLEMENTATIONS = YES;
				CLANG_WARN_DIRECT_OBJC_ISA_USAGE = YES_ERROR;
				CLANG_WARN_DOCUMENTATION_COMMENTS = YES;
				CLANG_WARN_EMPTY_BODY = YES;
				CLANG_WARN_ENUM_CONVERSION = YES;
				CLANG_WARN_INFINITE_RECURSION = YES;
				CLANG_WARN_INT_CONVERSION = YES;
				CLANG_WARN_NON_LITERAL_NULL_CONVERSION = YES;
				CLANG_WARN_OBJC_IMPLICIT_RETAIN_SELF = YES;
				CLANG_WARN_OBJC_LITERAL_CONVERSION = YES;
				CLANG_WARN_OBJC_ROOT_CLASS = YES_ERROR;
				CLANG_WARN_QUOTED_INCLUDE_IN_FRAMEWORK_HEADER = YES;
				CLANG_WARN_RANGE_LOOP_ANALYSIS = YES;
				CLANG_WARN_STRICT_PROTOTYPES = YES;
				CLANG_WARN_SUSPICIOUS_MOVE = YES;
				CLANG_WARN_UNGUARDED_AVAILABILITY = YES_AGGRESSIVE;
				CLANG_WARN_UNREACHABLE_CODE = YES;
				CLANG_WARN__DUPLICATE_METHOD_MATCH = YES;
				COPY_PHASE_STRIP = NO;
				DEBUG_INFORMATION_FORMAT = "dwarf-with-dsym";
				ENABLE_NS_ASSERTIONS = NO;
				ENABLE_STRICT_OBJC_MSGSEND = YES;
				ENABLE_USER_SCRIPT_SANDBOXING = YES;
				GCC_C_LANGUAGE_STANDARD = gnu17;
				GCC_NO_COMMON_BLOCKS = YES;
				GCC_WARN_64_TO_32_BIT_CONVERSION = YES;
				GCC_WARN_ABOUT_RETURN_TYPE = YES_ERROR;
				GCC_WARN_UNDECLARED_SELECTOR = YES;
				GCC_WARN_UNINITIALIZED_AUTOS = YES_AGGRESSIVE;
				GCC_WARN_UNUSED_FUNCTION = YES;
				GCC_WARN_UNUSED_VARIABLE = YES;
				IPHONEOS_DEPLOYMENT_TARGET = 17.5;
				LOCALIZATION_PREFERS_STRING_CATALOGS = YES;
				MTL_ENABLE_DEBUG_INFO = NO;
				MTL_FAST_MATH = YES;
				SDKROOT = iphoneos;
				SWIFT_COMPILATION_MODE = wholemodule;
				VALIDATE_PRODUCT = YES;
			};
			name = Release;
		};
		05A8F24F2D5BC4950063437C /* Debug */ = {
			isa = XCBuildConfiguration;
			buildSettings = {
				ASSETCATALOG_COMPILER_APPICON_NAME = AppIcon;
				ASSETCATALOG_COMPILER_GLOBAL_ACCENT_COLOR_NAME = AccentColor;
				CODE_SIGN_STYLE = Automatic;
				CURRENT_PROJECT_VERSION = 1;
				DEVELOPMENT_ASSET_PATHS = "\"Desafio07/Preview Content\"";
				ENABLE_PREVIEWS = YES;
				GENERATE_INFOPLIST_FILE = YES;
				INFOPLIST_KEY_UIApplicationSceneManifest_Generation = YES;
				INFOPLIST_KEY_UIApplicationSupportsIndirectInputEvents = YES;
				INFOPLIST_KEY_UILaunchScreen_Generation = YES;
				INFOPLIST_KEY_UISupportedInterfaceOrientations_iPad = "UIInterfaceOrientationPortrait UIInterfaceOrientationPortraitUpsideDown UIInterfaceOrientationLandscapeLeft UIInterfaceOrientationLandscapeRight";
				INFOPLIST_KEY_UISupportedInterfaceOrientations_iPhone = "UIInterfaceOrientationPortrait UIInterfaceOrientationLandscapeLeft UIInterfaceOrientationLandscapeRight";
				LD_RUNPATH_SEARCH_PATHS = (
					"$(inherited)",
					"@executable_path/Frameworks",
				);
				MARKETING_VERSION = 1.0;
				PRODUCT_BUNDLE_IDENTIFIER = jonathandavi.Desafio07;
				PRODUCT_NAME = "$(TARGET_NAME)";
				SWIFT_EMIT_LOC_STRINGS = YES;
				SWIFT_VERSION = 5.0;
				TARGETED_DEVICE_FAMILY = "1,2";
			};
			name = Debug;
		};
		05A8F2502D5BC4950063437C /* Release */ = {
			isa = XCBuildConfiguration;
			buildSettings = {
				ASSETCATALOG_COMPILER_APPICON_NAME = AppIcon;
				ASSETCATALOG_COMPILER_GLOBAL_ACCENT_COLOR_NAME = AccentColor;
				CODE_SIGN_STYLE = Automatic;
				CURRENT_PROJECT_VERSION = 1;
				DEVELOPMENT_ASSET_PATHS = "\"Desafio07/Preview Content\"";
				ENABLE_PREVIEWS = YES;
				GENERATE_INFOPLIST_FILE = YES;
				INFOPLIST_KEY_UIApplicationSceneManifest_Generation = YES;
				INFOPLIST_KEY_UIApplicationSupportsIndirectInputEvents = YES;
				INFOPLIST_KEY_UILaunchScreen_Generation = YES;
				INFOPLIST_KEY_UISupportedInterfaceOrientations_iPad = "UIInterfaceOrientationPortrait UIInterfaceOrientationPortraitUpsideDown UIInterfaceOrientationLandscapeLeft UIInterfaceOrientationLandscapeRight";
				INFOPLIST_KEY_UISupportedInterfaceOrientations_iPhone = "UIInterfaceOrientationPortrait UIInterfaceOrientationLandscapeLeft UIInterfaceOrientationLandscapeRight";
				LD_RUNPATH_SEARCH_PATHS = (
					"$(inherited)",
					"@executable_path/Frameworks",
				);
				MARKETING_VERSION = 1.0;
				PRODUCT_BUNDLE_IDENTIFIER = jonathandavi.Desafio07;
				PRODUCT_NAME = "$(TARGET_NAME)";
				SWIFT_EMIT_LOC_STRINGS = YES;
				SWIFT_VERSION = 5.0;
				TARGETED_DEVICE_FAMILY = "1,2";
			};
			name = Release;
		};
/* End XCBuildConfiguration section */

/* Begin XCConfigurationList section */
		05A8F23B2D5BC4930063437C /* Build configuration list for PBXProject "Desafio07" */ = {
			isa = XCConfigurationList;
			buildConfigurations = (
				05A8F24C2D5BC4950063437C /* Debug */,
				05A8F24D2D5BC4950063437C /* Release */,
			);
			defaultConfigurationIsVisible = 0;
			defaultConfigurationName = Release;
		};
		05A8F24E2D5BC4950063437C /* Build configuration list for PBXNativeTarget "Desafio07" */ = {
			isa = XCConfigurationList;
			buildConfigurations = (
				05A8F24F2D5BC4950063437C /* Debug */,
				05A8F2502D5BC4950063437C /* Release */,
			);
			defaultConfigurationIsVisible = 0;
			defaultConfigurationName = Release;
		};
/* End XCConfigurationList section */
	};
	rootObject = 05A8F2382D5BC4930063437C /* Project object */;
}
